<?xml version="1.0" encoding="utf-8"?>
<Project ToolsVersion="4.0" xmlns="http://schemas.microsoft.com/developer/msbuild/2003">
  <ItemGroup>
    <Filter Include="Source Files">
      <UniqueIdentifier>{4FC737F1-C7A5-4376-A066-2A32D752A2FF}</UniqueIdentifier>
      <Extensions>cpp;c;cc;cxx;def;odl;idl;hpj;bat;asm;asmx</Extensions>
    </Filter>
    <Filter Include="Header Files">
      <UniqueIdentifier>{93995380-89BD-4b04-88EB-625FBE52EBFB}</UniqueIdentifier>
      <Extensions>h;hh;hpp;hxx;hm;inl;inc;xsd</Extensions>
    </Filter>
    <Filter Include="Resource Files">
      <UniqueIdentifier>{67DA6AB6-F800-4c08-8B7A-83BB121AAD01}</UniqueIdentifier>
      <Extensions>rc;ico;cur;bmp;dlg;rc2;rct;bin;rgs;gif;jpg;jpeg;jpe;resx;tiff;tif;png;wav</Extensions>
    </Filter>
  </ItemGroup>
  <ItemGroup>
    <ClCompile Include="lib\libunk\src\dma.c">
      <Filter>Source Files</Filter>
    </ClCompile>
    <ClCompile Include="lib\libunk\src\irq.c">
      <Filter>Source Files</Filter>
    </ClCompile>
    <ClCompile Include="src\actorList.O3.c">
      <Filter>Source Files</Filter>
    </ClCompile>
    <ClCompile Include="src\collision.c">
      <Filter>Source Files</Filter>
    </ClCompile>
    <ClCompile Include="src\dmaQueue.c">
      <Filter>Source Files</Filter>
    </ClCompile>
    <ClCompile Include="src\error.c">
      <Filter>Source Files</Filter>
    </ClCompile>
    <ClCompile Include="src\frameHeap.c">
      <Filter>Source Files</Filter>
    </ClCompile>
    <ClCompile Include="src\list.c">
      <Filter>Source Files</Filter>
    </ClCompile>
    <ClCompile Include="src\main.c">
      <Filter>Source Files</Filter>
    </ClCompile>
    <ClCompile Include="src\map.c">
      <Filter>Source Files</Filter>
    </ClCompile>
    <ClCompile Include="src\mobileSystemsGBLogo.c">
      <Filter>Source Files</Filter>
    </ClCompile>
    <ClCompile Include="src\oam.O3.c">
      <Filter>Source Files</Filter>
    </ClCompile>
    <ClCompile Include="src\palette.c">
      <Filter>Source Files</Filter>
    </ClCompile>
    <ClCompile Include="src\scene.c">
      <Filter>Source Files</Filter>
    </ClCompile>
    <ClCompile Include="src\script.c">
      <Filter>Source Files</Filter>
    </ClCompile>
    <ClCompile Include="src\title.c">
      <Filter>Source Files</Filter>
    </ClCompile>
    <ClCompile Include="src\transition.O3.c">
      <Filter>Source Files</Filter>
    </ClCompile>
    <ClCompile Include="src\vcount.c">
      <Filter>Source Files</Filter>
    </ClCompile>
    <ClCompile Include="src\agbbackup\agb_flash.c">
      <Filter>Source Files</Filter>
    </ClCompile>
    <ClCompile Include="src\mp2000\m4a.c">
      <Filter>Source Files</Filter>
    </ClCompile>
    <ClCompile Include="src\mp2000\m4a_tables.c">
      <Filter>Source Files</Filter>
    </ClCompile>
  </ItemGroup>
  <ItemGroup>
    <None Include="asm\macros.inc">
      <Filter>Header Files</Filter>
    </None>
    <None Include="include\gba_constants.inc">
      <Filter>Header Files</Filter>
    </None>
    <None Include="include\m4a.inc">
      <Filter>Header Files</Filter>
    </None>
    <None Include="include\m4a_constants.inc">
      <Filter>Header Files</Filter>
    </None>
    <None Include="data\characterPalettes.bin">
      <Filter>Resource Files</Filter>
    </None>
    <None Include="data\characterTiles.bin">
      <Filter>Resource Files</Filter>
    </None>
    <None Include="data\courseData.bin">
      <Filter>Resource Files</Filter>
    </None>
    <None Include="data\mbChild.bin">
      <Filter>Resource Files</Filter>
    </None>
    <None Include="data\sio32MultiLoader.bin">
      <Filter>Resource Files</Filter>
    </None>
    <None Include="data\skyData.bin">
      <Filter>Resource Files</Filter>
    </None>
  </ItemGroup>
  <ItemGroup>
    <ClInclude Include="include\common.h">
      <Filter>Header Files</Filter>
    </ClInclude>
    <ClInclude Include="include\gba\defines.h">
      <Filter>Header Files</Filter>
    </ClInclude>
    <ClInclude Include="include\gba\flash_internal.h">
      <Filter>Header Files</Filter>
    </ClInclude>
    <ClInclude Include="include\gba\gba.h">
      <Filter>Header Files</Filter>
    </ClInclude>
    <ClInclude Include="include\gba\intellisense.h">
      <Filter>Header Files</Filter>
    </ClInclude>
    <ClInclude Include="include\gba\io_reg.h">
      <Filter>Header Files</Filter>
    </ClInclude>
    <ClInclude Include="include\gba\isagbprint.h">
      <Filter>Header Files</Filter>
    </ClInclude>
    <ClInclude Include="include\gba\m4a_internal.h">
      <Filter>Header Files</Filter>
    </ClInclude>
    <ClInclude Include="include\gba\macro.h">
      <Filter>Header Files</Filter>
    </ClInclude>
    <ClInclude Include="include\gba\multiboot.h">
      <Filter>Header Files</Filter>
    </ClInclude>
    <ClInclude Include="include\gba\syscall.h">
      <Filter>Header Files</Filter>
    </ClInclude>
    <ClInclude Include="include\gba\types.h">
      <Filter>Header Files</Filter>
    </ClInclude>
    <ClInclude Include="lib\libunk\dma.h">
      <Filter>Header Files</Filter>
    </ClInclude>
    <ClInclude Include="lib\libunk\irq.h">
      <Filter>Header Files</Filter>
    </ClInclude>
    <ClInclude Include="lib\libunk\src\dma.h">
      <Filter>Header Files</Filter>
    </ClInclude>
    <ClInclude Include="lib\libunk\src\irq.h">
      <Filter>Header Files</Filter>
    </ClInclude>
    <ClInclude Include="src\actor.h">
      <Filter>Header Files</Filter>
    </ClInclude>
    <ClInclude Include="src\actorList.h">
      <Filter>Header Files</Filter>
    </ClInclude>
    <ClInclude Include="src\collision.h">
      <Filter>Header Files</Filter>
    </ClInclude>
    <ClInclude Include="src\dmaQueue.h">
      <Filter>Header Files</Filter>
    </ClInclude>
    <ClInclude Include="src\error.h">
      <Filter>Header Files</Filter>
    </ClInclude>
    <ClInclude Include="src\frameHeap.h">
      <Filter>Header Files</Filter>
    </ClInclude>
    <ClInclude Include="src\list.h">
      <Filter>Header Files</Filter>
    </ClInclude>
    <ClInclude Include="src\main.h">
      <Filter>Header Files</Filter>
    </ClInclude>
    <ClInclude Include="src\map.h">
      <Filter>Header Files</Filter>
    </ClInclude>
    <ClInclude Include="src\math.h">
      <Filter>Header Files</Filter>
    </ClInclude>
    <ClInclude Include="src\mobileSystemsGBLogo.h">
      <Filter>Header Files</Filter>
    </ClInclude>
    <ClInclude Include="src\oam.h">
      <Filter>Header Files</Filter>
    </ClInclude>
    <ClInclude Include="src\palette.h">
      <Filter>Header Files</Filter>
    </ClInclude>
    <ClInclude Include="src\save.h">
      <Filter>Header Files</Filter>
    </ClInclude>
    <ClInclude Include="src\scene.h">
      <Filter>Header Files</Filter>
    </ClInclude>
    <ClInclude Include="src\sio2.h">
      <Filter>Header Files</Filter>
    </ClInclude>
    <ClInclude Include="src\songs.h">
      <Filter>Header Files</Filter>
    </ClInclude>
    <ClInclude Include="src\sound.h">
      <Filter>Header Files</Filter>
    </ClInclude>
    <ClInclude Include="src\title.h">
      <Filter>Header Files</Filter>
    </ClInclude>
    <ClInclude Include="src\transition.h">
      <Filter>Header Files</Filter>
    </ClInclude>
    <ClInclude Include="src\vcount.h">
      <Filter>Header Files</Filter>
    </ClInclude>
    <ClInclude Include="src\mp2000\m4a.h">
      <Filter>Header Files</Filter>
    </ClInclude>
  </ItemGroup>
</Project>